<?xml version="1.0" encoding="UTF-8"?>
<Scheme
   LastUpgradeVersion = "1410"
   version = "1.3">
   <BuildAction
      parallelizeBuildables = "YES"
      buildImplicitDependencies = "YES">
      <BuildActionEntries>
         <BuildActionEntry
            buildForTesting = "YES"
            buildForRunning = "YES"
            buildForProfiling = "YES"
            buildForArchiving = "YES"
            buildForAnalyzing = "YES">
            <BuildableReference
               BuildableIdentifier = "primary"
               BlueprintIdentifier = "689734B528605D6800665FC6"
               BuildableName = "shtsume"
               BlueprintName = "shtsume"
               ReferencedContainer = "container:shtsume.xcodeproj">
            </BuildableReference>
         </BuildActionEntry>
      </BuildActionEntries>
   </BuildAction>
   <TestAction
      buildConfiguration = "Debug"
      selectedDebuggerIdentifier = "Xcode.DebuggerFoundation.Debugger.LLDB"
      selectedLauncherIdentifier = "Xcode.DebuggerFoundation.Launcher.LLDB"
      shouldUseLaunchSchemeArgsEnv = "YES">
      <Testables>
      </Testables>
   </TestAction>
   <LaunchAction
      buildConfiguration = "Release"
      selectedDebuggerIdentifier = ""
      selectedLauncherIdentifier = "Xcode.IDEFoundation.Launcher.PosixSpawn"
      launchStyle = "0"
      useCustomWorkingDirectory = "NO"
      ignoresPersistentStateOnLaunch = "NO"
      debugDocumentVersioning = "YES"
      debugServiceExtension = "internal"
      allowLocationSimulation = "YES"
      viewDebuggingEnabled = "No">
      <BuildableProductRunnable
         runnableDebuggingMode = "0">
         <BuildableReference
            BuildableIdentifier = "primary"
            BlueprintIdentifier = "689734B528605D6800665FC6"
            BuildableName = "shtsume"
            BlueprintName = "shtsume"
            ReferencedContainer = "container:shtsume.xcodeproj">
         </BuildableReference>
      </BuildableProductRunnable>
      <CommandLineArguments>
         <CommandLineArgument
            argument = "-y"
            isEnabled = "YES">
         </CommandLineArgument>
         <CommandLineArgument
            argument = "-d"
            isEnabled = "NO">
         </CommandLineArgument>
         <CommandLineArgument
            argument = "-l 3"
            isEnabled = "NO">
         </CommandLineArgument>
         <CommandLineArgument
            argument = "-m 6144"
            isEnabled = "YES">
         </CommandLineArgument>
         <CommandLineArgument
            argument = "&quot;g1+P1k1+P+P+L/1p3P3/+R+p2pp1pl/1NNsg+p2+R/+b+nL+P1+p3/1P3ssP1/2P1+Ps2N/4+P1P1L/+B5G1g b - 1&quot;"
            isEnabled = "YES">
         </CommandLineArgument>
         <CommandLineArgument
            argument = "&quot;G1g5+b/l1p1+p4/n2S+p1p2/1pSS3p1/3+P1+pl+N+B/+r2+PGSnn1/LP1PP2+P+r/3p3P1/+l+p+p1K1+p1G w - 1&quot;"
            isEnabled = "NO">
         </CommandLineArgument>
         <CommandLineArgument
            argument = "&quot;p3l3+P/1s1l2p2/5+P3/gp3NPpp/+R1S2+bLg1/1+pkN3G1/3p1P3/2N1S2R1/N4+p2B b S3Pgl3p 1&quot;"
            isEnabled = "NO">
         </CommandLineArgument>
         <CommandLineArgument
            argument = "&quot;b2+P4n/1r2s1n2/3p1P3/1g3nK+P1/1Gl+B2s1+r/PPpn3PG/3+p5/2P2L1S1/+p3L3P w GL3Ps3p 1&quot;"
            isEnabled = "NO">
         </CommandLineArgument>
         <CommandLineArgument
            argument = "&quot;4k4/9/PPPPPPPPP/9/9/9/9/9/4n4 b B4L2rb4g4s4n8p 1&quot; "
            isEnabled = "NO">
         </CommandLineArgument>
         <CommandLineArgument
            argument = "&quot;4k4/9/9/9/9/9/9/9/9 b B4G2S9P2rb2s4n4l9p 1&quot;"
            isEnabled = "NO">
         </CommandLineArgument>
         <CommandLineArgument
            argument = "&quot;B1gs2+N1g/gP3nS1P/1ppRp2N+P/B4p+pk1/6l2/9/n8/4KLP1L/5PSrs b gl8p 1&quot;"
            isEnabled = "NO">
         </CommandLineArgument>
         <CommandLineArgument
            argument = "&quot;l3+P2B+p/k2+rpg+P2/3+p+rPS1n/PP1s4p/3l+p+B1pP/L2n4g/+p4p+N2/5S1s+P/+PL+P+pg+N1G1 b - 1&quot;"
            isEnabled = "NO">
         </CommandLineArgument>
         <CommandLineArgument
            argument = "&quot;1+p3lp+s1/1n2P2Pn/sp2pG1N1/G4G3/9/8P/p1pp1p2k/LNP3B1p/S+R1B3G+s b R4P2lp 1&quot;"
            isEnabled = "NO">
         </CommandLineArgument>
         <CommandLineArgument
            argument = "&quot;3+p5/7S1/2PLpkN2/1gS3Ps1/1G3pgp+b/4LL1N1/5G+sP1/5N3/4N4 b RLrb11p 1&quot;"
            isEnabled = "NO">
         </CommandLineArgument>
         <CommandLineArgument
            argument = "&quot;3+p2R2/4+p1RS1/2PLpkN21gS3Ps1/1G+pp1pgp+b/1+p+p1LL1N1/+p+p+p+p1G+sP1/2+p2N3/4N4 b blp 1&quot;"
            isEnabled = "NO">
         </CommandLineArgument>
         <CommandLineArgument
            argument = "&quot;3sks3/9/4S4/9/9/B8/9/9/9 b S2rb4g4n4l18p 1&quot;"
            isEnabled = "NO">
         </CommandLineArgument>
      </CommandLineArguments>
   </LaunchAction>
   <ProfileAction
      buildConfiguration = "Release"
      shouldUseLaunchSchemeArgsEnv = "YES"
      savedToolIdentifier = ""
      useCustomWorkingDirectory = "NO"
      debugDocumentVersioning = "YES">
      <BuildableProductRunnable
         runnableDebuggingMode = "0">
         <BuildableReference
            BuildableIdentifier = "primary"
            BlueprintIdentifier = "689734B528605D6800665FC6"
            BuildableName = "shtsume"
            BlueprintName = "shtsume"
            ReferencedContainer = "container:shtsume.xcodeproj">
         </BuildableReference>
      </BuildableProductRunnable>
   </ProfileAction>
   <AnalyzeAction
      buildConfiguration = "Debug">
   </AnalyzeAction>
   <ArchiveAction
      buildConfiguration = "Release"
      revealArchiveInOrganizer = "YES">
   </ArchiveAction>
</Scheme>
