// !$*UTF8*$!
{
	archiveVersion = 1;
	classes = {
	};
	objectVersion = 55;
	objects = {

/* Begin PBXBuildFile section */
		68138C59289F692D007BA6EB /* ndtools.c in Sources */ = {isa = PBXBuildFile; fileRef = 68138C58289F692D007BA6EB /* ndtools.c */; };
		689734CD28605E5800665FC6 /* dtools.c in Sources */ = {isa = PBXBuildFile; fileRef = 689734C128605E5800665FC6 /* dtools.c */; };
		689734CE28605E5800665FC6 /* base.c in Sources */ = {isa = PBXBuildFile; fileRef = 689734C328605E5800665FC6 /* base.c */; };
		689734D128605E5800665FC6 /* global.c in Sources */ = {isa = PBXBuildFile; fileRef = 689734CA28605E5800665FC6 /* global.c */; };
		689734D228605E5800665FC6 /* bitboard.c in Sources */ = {isa = PBXBuildFile; fileRef = 689734CB28605E5800665FC6 /* bitboard.c */; };
		689734D328605E5800665FC6 /* usi.c in Sources */ = {isa = PBXBuildFile; fileRef = 689734CC28605E5800665FC6 /* usi.c */; };
		689734E328605E9500665FC6 /* shtsume.c in Sources */ = {isa = PBXBuildFile; fileRef = 689734D528605E9500665FC6 /* shtsume.c */; };
		689734E428605E9500665FC6 /* nsearchinf.c in Sources */ = {isa = PBXBuildFile; fileRef = 689734D628605E9500665FC6 /* nsearchinf.c */; };
		689734E528605E9500665FC6 /* nevasion.c in Sources */ = {isa = PBXBuildFile; fileRef = 689734D728605E9500665FC6 /* nevasion.c */; };
		689734E828605E9500665FC6 /* ntbase.c in Sources */ = {isa = PBXBuildFile; fileRef = 689734DC28605E9500665FC6 /* ntbase.c */; };
		689734E928605E9500665FC6 /* ncheck.c in Sources */ = {isa = PBXBuildFile; fileRef = 689734DD28605E9500665FC6 /* ncheck.c */; };
		689734EA28605E9500665FC6 /* nbase.c in Sources */ = {isa = PBXBuildFile; fileRef = 689734DE28605E9500665FC6 /* nbase.c */; };
		689734EC28605E9500665FC6 /* nusi.c in Sources */ = {isa = PBXBuildFile; fileRef = 689734E228605E9500665FC6 /* nusi.c */; };
		689734F028606E6300665FC6 /* nmain.c in Sources */ = {isa = PBXBuildFile; fileRef = 689734DF28605E9500665FC6 /* nmain.c */; };
/* End PBXBuildFile section */

/* Begin PBXCopyFilesBuildPhase section */
		689734B428605D6800665FC6 /* CopyFiles */ = {
			isa = PBXCopyFilesBuildPhase;
			buildActionMask = 2147483647;
			dstPath = /usr/share/man/man1/;
			dstSubfolderSpec = 0;
			files = (
			);
			runOnlyForDeploymentPostprocessing = 1;
		};
/* End PBXCopyFilesBuildPhase section */

/* Begin PBXFileReference section */
		68138C58289F692D007BA6EB /* ndtools.c */ = {isa = PBXFileReference; fileEncoding = 4; lastKnownFileType = sourcecode.c.c; path = ndtools.c; sourceTree = "<group>"; };
		687F4BDD287193DE008FBBB7 /* shtsume_ja.txt */ = {isa = PBXFileReference; lastKnownFileType = text; path = shtsume_ja.txt; sourceTree = "<group>"; };
		6896341828629F60007EA17E /* release_note.md */ = {isa = PBXFileReference; lastKnownFileType = net.daringfireball.markdown; path = release_note.md; sourceTree = "<group>"; };
		689734B628605D6800665FC6 /* shtsume */ = {isa = PBXFileReference; explicitFileType = "compiled.mach-o.executable"; includeInIndex = 0; path = shtsume; sourceTree = BUILT_PRODUCTS_DIR; };
		689734C128605E5800665FC6 /* dtools.c */ = {isa = PBXFileReference; fileEncoding = 4; lastKnownFileType = sourcecode.c.c; path = dtools.c; sourceTree = "<group>"; };
		689734C228605E5800665FC6 /* shogi.h */ = {isa = PBXFileReference; fileEncoding = 4; lastKnownFileType = sourcecode.c.h; path = shogi.h; sourceTree = "<group>"; };
		689734C328605E5800665FC6 /* base.c */ = {isa = PBXFileReference; fileEncoding = 4; lastKnownFileType = sourcecode.c.c; path = base.c; sourceTree = "<group>"; };
		689734C428605E5800665FC6 /* usi.h */ = {isa = PBXFileReference; fileEncoding = 4; lastKnownFileType = sourcecode.c.h; path = usi.h; sourceTree = "<group>"; };
		689734C928605E5800665FC6 /* dtools.h */ = {isa = PBXFileReference; fileEncoding = 4; lastKnownFileType = sourcecode.c.h; path = dtools.h; sourceTree = "<group>"; };
		689734CA28605E5800665FC6 /* global.c */ = {isa = PBXFileReference; fileEncoding = 4; lastKnownFileType = sourcecode.c.c; path = global.c; sourceTree = "<group>"; };
		689734CB28605E5800665FC6 /* bitboard.c */ = {isa = PBXFileReference; fileEncoding = 4; lastKnownFileType = sourcecode.c.c; path = bitboard.c; sourceTree = "<group>"; };
		689734CC28605E5800665FC6 /* usi.c */ = {isa = PBXFileReference; fileEncoding = 4; lastKnownFileType = sourcecode.c.c; path = usi.c; sourceTree = "<group>"; };
		689734D528605E9500665FC6 /* shtsume.c */ = {isa = PBXFileReference; fileEncoding = 4; lastKnownFileType = sourcecode.c.c; path = shtsume.c; sourceTree = "<group>"; };
		689734D628605E9500665FC6 /* nsearchinf.c */ = {isa = PBXFileReference; fileEncoding = 4; lastKnownFileType = sourcecode.c.c; path = nsearchinf.c; sourceTree = "<group>"; };
		689734D728605E9500665FC6 /* nevasion.c */ = {isa = PBXFileReference; fileEncoding = 4; lastKnownFileType = sourcecode.c.c; path = nevasion.c; sourceTree = "<group>"; };
		689734DC28605E9500665FC6 /* ntbase.c */ = {isa = PBXFileReference; fileEncoding = 4; lastKnownFileType = sourcecode.c.c; path = ntbase.c; sourceTree = "<group>"; };
		689734DD28605E9500665FC6 /* ncheck.c */ = {isa = PBXFileReference; fileEncoding = 4; lastKnownFileType = sourcecode.c.c; path = ncheck.c; sourceTree = "<group>"; };
		689734DE28605E9500665FC6 /* nbase.c */ = {isa = PBXFileReference; fileEncoding = 4; lastKnownFileType = sourcecode.c.c; path = nbase.c; sourceTree = "<group>"; };
		689734DF28605E9500665FC6 /* nmain.c */ = {isa = PBXFileReference; fileEncoding = 4; lastKnownFileType = sourcecode.c.c; path = nmain.c; sourceTree = "<group>"; };
		689734E028605E9500665FC6 /* shtsume.h */ = {isa = PBXFileReference; fileEncoding = 4; lastKnownFileType = sourcecode.c.h; path = shtsume.h; sourceTree = "<group>"; };
		689734E128605E9500665FC6 /* ndtools.h */ = {isa = PBXFileReference; fileEncoding = 4; lastKnownFileType = sourcecode.c.h; path = ndtools.h; sourceTree = "<group>"; };
		689734E228605E9500665FC6 /* nusi.c */ = {isa = PBXFileReference; fileEncoding = 4; lastKnownFileType = sourcecode.c.c; path = nusi.c; sourceTree = "<group>"; };
		689734ED28605F2400665FC6 /* README.md */ = {isa = PBXFileReference; fileEncoding = 4; lastKnownFileType = net.daringfireball.markdown; path = README.md; sourceTree = "<group>"; };
		689734EE28605F7300665FC6 /* LICENCE */ = {isa = PBXFileReference; fileEncoding = 4; lastKnownFileType = text; path = LICENCE; sourceTree = "<group>"; };
		689734F2286077DF00665FC6 /* .gitignore */ = {isa = PBXFileReference; lastKnownFileType = text; path = .gitignore; sourceTree = "<group>"; };
/* End PBXFileReference section */

/* Begin PBXFrameworksBuildPhase section */
		689734B328605D6800665FC6 /* Frameworks */ = {
			isa = PBXFrameworksBuildPhase;
			buildActionMask = 2147483647;
			files = (
			);
			runOnlyForDeploymentPostprocessing = 0;
		};
/* End PBXFrameworksBuildPhase section */

/* Begin PBXGroup section */
		6896341728629EF7007EA17E /* Docs */ = {
			isa = PBXGroup;
			children = (
				687F4BDD287193DE008FBBB7 /* shtsume_ja.txt */,
				6896341828629F60007EA17E /* release_note.md */,
			);
			path = Docs;
			sourceTree = "<group>";
		};
		689734AD28605D6800665FC6 = {
			isa = PBXGroup;
			children = (
				689734F32860869C00665FC6 /* source */,
				6896341728629EF7007EA17E /* Docs */,
				689734F2286077DF00665FC6 /* .gitignore */,
				689734EE28605F7300665FC6 /* LICENCE */,
				689734ED28605F2400665FC6 /* README.md */,
				689734B728605D6800665FC6 /* Products */,
			);
			sourceTree = "<group>";
		};
		689734B728605D6800665FC6 /* Products */ = {
			isa = PBXGroup;
			children = (
				689734B628605D6800665FC6 /* shtsume */,
			);
			name = Products;
			sourceTree = "<group>";
		};
		689734C028605E5800665FC6 /* shshogi */ = {
			isa = PBXGroup;
			children = (
				689734C228605E5800665FC6 /* shogi.h */,
				689734CA28605E5800665FC6 /* global.c */,
				689734C328605E5800665FC6 /* base.c */,
				689734CB28605E5800665FC6 /* bitboard.c */,
				689734C428605E5800665FC6 /* usi.h */,
				689734CC28605E5800665FC6 /* usi.c */,
				689734C928605E5800665FC6 /* dtools.h */,
				689734C128605E5800665FC6 /* dtools.c */,
			);
			path = shshogi;
			sourceTree = "<group>";
		};
		689734D428605E9500665FC6 /* shtsume */ = {
			isa = PBXGroup;
			children = (
				689734E028605E9500665FC6 /* shtsume.h */,
				689734D528605E9500665FC6 /* shtsume.c */,
				689734D628605E9500665FC6 /* nsearchinf.c */,
				689734D728605E9500665FC6 /* nevasion.c */,
				689734DC28605E9500665FC6 /* ntbase.c */,
				689734DD28605E9500665FC6 /* ncheck.c */,
				689734DE28605E9500665FC6 /* nbase.c */,
				689734DF28605E9500665FC6 /* nmain.c */,
				68138C58289F692D007BA6EB /* ndtools.c */,
				689734E228605E9500665FC6 /* nusi.c */,
				689734E128605E9500665FC6 /* ndtools.h */,
			);
			path = shtsume;
			sourceTree = "<group>";
		};
		689734F128606F1F00665FC6 /* test */ = {
			isa = PBXGroup;
			children = (
			);
			name = test;
			path = ../test;
			sourceTree = "<group>";
		};
		689734F32860869C00665FC6 /* source */ = {
			isa = PBXGroup;
			children = (
				689734C028605E5800665FC6 /* shshogi */,
				689734D428605E9500665FC6 /* shtsume */,
				689734F128606F1F00665FC6 /* test */,
			);
			path = source;
			sourceTree = "<group>";
		};
/* End PBXGroup section */

/* Begin PBXNativeTarget section */
		689734B528605D6800665FC6 /* shtsume */ = {
			isa = PBXNativeTarget;
			buildConfigurationList = 689734BD28605D6800665FC6 /* Build configuration list for PBXNativeTarget "shtsume" */;
			buildPhases = (
				689734B228605D6800665FC6 /* Sources */,
				689734B328605D6800665FC6 /* Frameworks */,
				689734B428605D6800665FC6 /* CopyFiles */,
			);
			buildRules = (
			);
			dependencies = (
			);
			name = shtsume;
			productName = shtsume;
			productReference = 689734B628605D6800665FC6 /* shtsume */;
			productType = "com.apple.product-type.tool";
		};
/* End PBXNativeTarget section */

/* Begin PBXProject section */
		689734AE28605D6800665FC6 /* Project object */ = {
			isa = PBXProject;
			attributes = {
				BuildIndependentTargetsInParallel = 1;
				LastUpgradeCheck = 1330;
				TargetAttributes = {
					689734B528605D6800665FC6 = {
						CreatedOnToolsVersion = 13.3;
					};
				};
			};
			buildConfigurationList = 689734B128605D6800665FC6 /* Build configuration list for PBXProject "shtsume" */;
			compatibilityVersion = "Xcode 13.0";
			developmentRegion = en;
			hasScannedForEncodings = 0;
			knownRegions = (
				en,
				Base,
			);
			mainGroup = 689734AD28605D6800665FC6;
			productRefGroup = 689734B728605D6800665FC6 /* Products */;
			projectDirPath = "";
			projectRoot = "";
			targets = (
				689734B528605D6800665FC6 /* shtsume */,
			);
		};
/* End PBXProject section */

/* Begin PBXSourcesBuildPhase section */
		689734B228605D6800665FC6 /* Sources */ = {
			isa = PBXSourcesBuildPhase;
			buildActionMask = 2147483647;
			files = (
				689734E528605E9500665FC6 /* nevasion.c in Sources */,
				689734D128605E5800665FC6 /* global.c in Sources */,
				689734CD28605E5800665FC6 /* dtools.c in Sources */,
				689734E828605E9500665FC6 /* ntbase.c in Sources */,
				689734E328605E9500665FC6 /* shtsume.c in Sources */,
				689734CE28605E5800665FC6 /* base.c in Sources */,
				689734D228605E5800665FC6 /* bitboard.c in Sources */,
				689734E428605E9500665FC6 /* nsearchinf.c in Sources */,
				689734E928605E9500665FC6 /* ncheck.c in Sources */,
				689734F028606E6300665FC6 /* nmain.c in Sources */,
				689734EC28605E9500665FC6 /* nusi.c in Sources */,
				68138C59289F692D007BA6EB /* ndtools.c in Sources */,
				689734EA28605E9500665FC6 /* nbase.c in Sources */,
				689734D328605E5800665FC6 /* usi.c in Sources */,
			);
			runOnlyForDeploymentPostprocessing = 0;
		};
/* End PBXSourcesBuildPhase section */

/* Begin XCBuildConfiguration section */
		689734BB28605D6800665FC6 /* Debug */ = {
			isa = XCBuildConfiguration;
			buildSettings = {
				ALWAYS_SEARCH_USER_PATHS = NO;
				CLANG_ANALYZER_NONNULL = YES;
				CLANG_ANALYZER_NUMBER_OBJECT_CONVERSION = YES_AGGRESSIVE;
				CLANG_CXX_LANGUAGE_STANDARD = "gnu++17";
				CLANG_ENABLE_MODULES = YES;
				CLANG_ENABLE_OBJC_ARC = YES;
				CLANG_ENABLE_OBJC_WEAK = YES;
				CLANG_WARN_BLOCK_CAPTURE_AUTORELEASING = YES;
				CLANG_WARN_BOOL_CONVERSION = YES;
				CLANG_WARN_COMMA = YES;
				CLANG_WARN_CONSTANT_CONVERSION = YES;
				CLANG_WARN_DEPRECATED_OBJC_IMPLEMENTATIONS = YES;
				CLANG_WARN_DIRECT_OBJC_ISA_USAGE = YES_ERROR;
				CLANG_WARN_DOCUMENTATION_COMMENTS = YES;
				CLANG_WARN_EMPTY_BODY = YES;
				CLANG_WARN_ENUM_CONVERSION = YES;
				CLANG_WARN_INFINITE_RECURSION = YES;
				CLANG_WARN_INT_CONVERSION = YES;
				CLANG_WARN_NON_LITERAL_NULL_CONVERSION = YES;
				CLANG_WARN_OBJC_IMPLICIT_RETAIN_SELF = YES;
				CLANG_WARN_OBJC_LITERAL_CONVERSION = YES;
				CLANG_WARN_OBJC_ROOT_CLASS = YES_ERROR;
				CLANG_WARN_QUOTED_INCLUDE_IN_FRAMEWORK_HEADER = YES;
				CLANG_WARN_RANGE_LOOP_ANALYSIS = YES;
				CLANG_WARN_STRICT_PROTOTYPES = YES;
				CLANG_WARN_SUSPICIOUS_MOVE = YES;
				CLANG_WARN_UNGUARDED_AVAILABILITY = YES_AGGRESSIVE;
				CLANG_WARN_UNREACHABLE_CODE = YES;
				CLANG_WARN__DUPLICATE_METHOD_MATCH = YES;
				COPY_PHASE_STRIP = NO;
				DEBUG_INFORMATION_FORMAT = dwarf;
				ENABLE_STRICT_OBJC_MSGSEND = YES;
				ENABLE_TESTABILITY = YES;
				GCC_C_LANGUAGE_STANDARD = gnu11;
				GCC_DYNAMIC_NO_PIC = NO;
				GCC_NO_COMMON_BLOCKS = YES;
				GCC_OPTIMIZATION_LEVEL = 0;
				GCC_PREPROCESSOR_DEFINITIONS = (
					"DEBUG=1",
					"$(inherited)",
				);
				GCC_WARN_64_TO_32_BIT_CONVERSION = YES;
				GCC_WARN_ABOUT_RETURN_TYPE = YES_ERROR;
				GCC_WARN_UNDECLARED_SELECTOR = YES;
				GCC_WARN_UNINITIALIZED_AUTOS = YES_AGGRESSIVE;
				GCC_WARN_UNUSED_FUNCTION = YES;
				GCC_WARN_UNUSED_VARIABLE = YES;
				MACOSX_DEPLOYMENT_TARGET = 12.3;
				MTL_ENABLE_DEBUG_INFO = INCLUDE_SOURCE;
				MTL_FAST_MATH = YES;
				ONLY_ACTIVE_ARCH = YES;
				SDKROOT = macosx;
			};
			name = Debug;
		};
		689734BC28605D6800665FC6 /* Release */ = {
			isa = XCBuildConfiguration;
			buildSettings = {
				ALWAYS_SEARCH_USER_PATHS = NO;
				CLANG_ANALYZER_NONNULL = YES;
				CLANG_ANALYZER_NUMBER_OBJECT_CONVERSION = YES_AGGRESSIVE;
				CLANG_CXX_LANGUAGE_STANDARD = "gnu++17";
				CLANG_ENABLE_MODULES = YES;
				CLANG_ENABLE_OBJC_ARC = YES;
				CLANG_ENABLE_OBJC_WEAK = YES;
				CLANG_WARN_BLOCK_CAPTURE_AUTORELEASING = YES;
				CLANG_WARN_BOOL_CONVERSION = YES;
				CLANG_WARN_COMMA = YES;
				CLANG_WARN_CONSTANT_CONVERSION = YES;
				CLANG_WARN_DEPRECATED_OBJC_IMPLEMENTATIONS = YES;
				CLANG_WARN_DIRECT_OBJC_ISA_USAGE = YES_ERROR;
				CLANG_WARN_DOCUMENTATION_COMMENTS = YES;
				CLANG_WARN_EMPTY_BODY = YES;
				CLANG_WARN_ENUM_CONVERSION = YES;
				CLANG_WARN_INFINITE_RECURSION = YES;
				CLANG_WARN_INT_CONVERSION = YES;
				CLANG_WARN_NON_LITERAL_NULL_CONVERSION = YES;
				CLANG_WARN_OBJC_IMPLICIT_RETAIN_SELF = YES;
				CLANG_WARN_OBJC_LITERAL_CONVERSION = YES;
				CLANG_WARN_OBJC_ROOT_CLASS = YES_ERROR;
				CLANG_WARN_QUOTED_INCLUDE_IN_FRAMEWORK_HEADER = YES;
				CLANG_WARN_RANGE_LOOP_ANALYSIS = YES;
				CLANG_WARN_STRICT_PROTOTYPES = YES;
				CLANG_WARN_SUSPICIOUS_MOVE = YES;
				CLANG_WARN_UNGUARDED_AVAILABILITY = YES_AGGRESSIVE;
				CLANG_WARN_UNREACHABLE_CODE = YES;
				CLANG_WARN__DUPLICATE_METHOD_MATCH = YES;
				COPY_PHASE_STRIP = NO;
				DEBUG_INFORMATION_FORMAT = "dwarf-with-dsym";
				ENABLE_NS_ASSERTIONS = NO;
				ENABLE_STRICT_OBJC_MSGSEND = YES;
				GCC_C_LANGUAGE_STANDARD = gnu11;
				GCC_NO_COMMON_BLOCKS = YES;
				GCC_WARN_64_TO_32_BIT_CONVERSION = YES;
				GCC_WARN_ABOUT_RETURN_TYPE = YES_ERROR;
				GCC_WARN_UNDECLARED_SELECTOR = YES;
				GCC_WARN_UNINITIALIZED_AUTOS = YES_AGGRESSIVE;
				GCC_WARN_UNUSED_FUNCTION = YES;
				GCC_WARN_UNUSED_VARIABLE = YES;
				MACOSX_DEPLOYMENT_TARGET = 12.3;
				MTL_ENABLE_DEBUG_INFO = NO;
				MTL_FAST_MATH = YES;
				SDKROOT = macosx;
			};
			name = Release;
		};
		689734BE28605D6800665FC6 /* Debug */ = {
			isa = XCBuildConfiguration;
			buildSettings = {
				CODE_SIGN_STYLE = Automatic;
				PRODUCT_NAME = "$(TARGET_NAME)";
			};
			name = Debug;
		};
		689734BF28605D6800665FC6 /* Release */ = {
			isa = XCBuildConfiguration;
			buildSettings = {
				CODE_SIGN_STYLE = Automatic;
				PRODUCT_NAME = "$(TARGET_NAME)";
			};
			name = Release;
		};
/* End XCBuildConfiguration section */

/* Begin XCConfigurationList section */
		689734B128605D6800665FC6 /* Build configuration list for PBXProject "shtsume" */ = {
			isa = XCConfigurationList;
			buildConfigurations = (
				689734BB28605D6800665FC6 /* Debug */,
				689734BC28605D6800665FC6 /* Release */,
			);
			defaultConfigurationIsVisible = 0;
			defaultConfigurationName = Release;
		};
		689734BD28605D6800665FC6 /* Build configuration list for PBXNativeTarget "shtsume" */ = {
			isa = XCConfigurationList;
			buildConfigurations = (
				689734BE28605D6800665FC6 /* Debug */,
				689734BF28605D6800665FC6 /* Release */,
			);
			defaultConfigurationIsVisible = 0;
			defaultConfigurationName = Release;
		};
/* End XCConfigurationList section */
	};
	rootObject = 689734AE28605D6800665FC6 /* Project object */;
}
